
Microsoft Visual Studio Solution File, Format Version 12.00
# Visual Studio Version 16
VisualStudioVersion = 16.0.30517.126
MinimumVisualStudioVersion = 10.0.40219.1
Project("{FAE04EC0-301F-11D3-BF4B-00C04F79EFBC}") = "BasketballData", "BasketballData\BasketballData.csproj", "{6844D7BA-5FB4-45F3-884E-D915955ED173}"
EndProject
Global
	GlobalSection(SolutionConfigurationPlatforms) = preSolution
		Debug|Any CPU = Debug|Any CPU
		Release|Any CPU = Release|Any CPU
	EndGlobalSection
	GlobalSection(ProjectConfigurationPlatforms) = postSolution
		{6844D7BA-5FB4-45F3-884E-D915955ED173}.Debug|Any CPU.ActiveCfg = Debug|Any CPU
		{6844D7BA-5FB4-45F3-884E-D915955ED173}.Debug|Any CPU.Build.0 = Debug|Any CPU
		{6844D7BA-5FB4-45F3-884E-D915955ED173}.Release|Any CPU.ActiveCfg = Release|Any CPU
		{6844D7BA-5FB4-45F3-884E-D915955ED173}.Release|Any CPU.Build.0 = Release|Any CPU
	EndGlobalSection
	GlobalSection(SolutionProperties) = preSolution
		HideSolutionNode = FALSE
	EndGlobalSection
	GlobalSection(ExtensibilityGlobals) = postSolution
		SolutionGuid = {D7AACA09-C146-4D33-9507-137CA3297E7E}
	EndGlobalSection
EndGlobal
